
Microsoft Visual Studio Solution File, Format Version 12.00
# Visual Studio Version 17
VisualStudioVersion = 17.14.36811.4
MinimumVisualStudioVersion = 10.0.40219.1
Project("{FAE04EC0-301F-11D3-BF4B-00C04F79EFBC}") = "MyTaskManager.Api", "MyTaskManager.Api\MyTaskManager.Api.csproj", "{38CBE7BA-E9A2-CD20-ADEE-8C8B81525710}"
EndProject
Global
	GlobalSection(SolutionConfigurationPlatforms) = preSolution
		Debug|Any CPU = Debug|Any CPU
		Release|Any CPU = Release|Any CPU
	EndGlobalSection
	GlobalSection(ProjectConfigurationPlatforms) = postSolution
		{38CBE7BA-E9A2-CD20-ADEE-8C8B81525710}.Debug|Any CPU.ActiveCfg = Debug|Any CPU
		{38CBE7BA-E9A2-CD20-ADEE-8C8B81525710}.Debug|Any CPU.Build.0 = Debug|Any CPU
		{38CBE7BA-E9A2-CD20-ADEE-8C8B81525710}.Release|Any CPU.ActiveCfg = Release|Any CPU
		{38CBE7BA-E9A2-CD20-ADEE-8C8B81525710}.Release|Any CPU.Build.0 = Release|Any CPU
	EndGlobalSection
	GlobalSection(SolutionProperties) = preSolution
		HideSolutionNode = FALSE
	EndGlobalSection
	GlobalSection(ExtensibilityGlobals) = postSolution
		SolutionGuid = {455E9D4B-2DB2-49E2-9F03-3EFDC980CF9E}
	EndGlobalSection
EndGlobal
